
Microsoft Visual Studio Solution File, Format Version 12.00
# Visual Studio 15
VisualStudioVersion = 15.0.27428.2037
MinimumVisualStudioVersion = 10.0.40219.1
Project("{888888A0-9F3D-457C-B088-3A5042F75D52}") = "Variables", "Variables\Variables.pyproj", "{566DBE68-115E-4EBF-9CE5-C73641515D60}"
EndProject
Project("{888888A0-9F3D-457C-B088-3A5042F75D52}") = "GettingStartedDjango", "GettingStartedDjango\GettingStartedDjango.pyproj", "{196CCC42-6BD7-42DE-B196-E677BC643250}"
EndProject
Global
	GlobalSection(SolutionConfigurationPlatforms) = preSolution
		Debug|Any CPU = Debug|Any CPU
		Release|Any CPU = Release|Any CPU
	EndGlobalSection
	GlobalSection(ProjectConfigurationPlatforms) = postSolution
		{566DBE68-115E-4EBF-9CE5-C73641515D60}.Debug|Any CPU.ActiveCfg = Debug|Any CPU
		{566DBE68-115E-4EBF-9CE5-C73641515D60}.Release|Any CPU.ActiveCfg = Release|Any CPU
		{196CCC42-6BD7-42DE-B196-E677BC643250}.Debug|Any CPU.ActiveCfg = Debug|Any CPU
		{196CCC42-6BD7-42DE-B196-E677BC643250}.Debug|Any CPU.Build.0 = Debug|Any CPU
		{196CCC42-6BD7-42DE-B196-E677BC643250}.Release|Any CPU.ActiveCfg = Release|Any CPU
		{196CCC42-6BD7-42DE-B196-E677BC643250}.Release|Any CPU.Build.0 = Release|Any CPU
	EndGlobalSection
	GlobalSection(SolutionProperties) = preSolution
		HideSolutionNode = FALSE
	EndGlobalSection
	GlobalSection(ExtensibilityGlobals) = postSolution
		SolutionGuid = {798D5146-15D9-4D25-81B4-269E42DFA334}
	EndGlobalSection
EndGlobal
